
Microsoft Visual Studio Solution File, Format Version 12.00
# Visual Studio Version 16
VisualStudioVersion = 16.0.32630.194
MinimumVisualStudioVersion = 10.0.40219.1
Project("{FAE04EC0-301F-11D3-BF4B-00C04F79EFBC}") = "Day2Handson", "Day2Handson\Day2Handson.csproj", "{B6F171B4-5085-4E5A-9E15-D3485A872CCD}"
EndProject
Global
	GlobalSection(SolutionConfigurationPlatforms) = preSolution
		Debug|Any CPU = Debug|Any CPU
		Release|Any CPU = Release|Any CPU
	EndGlobalSection
	GlobalSection(ProjectConfigurationPlatforms) = postSolution
		{B6F171B4-5085-4E5A-9E15-D3485A872CCD}.Debug|Any CPU.ActiveCfg = Debug|Any CPU
		{B6F171B4-5085-4E5A-9E15-D3485A872CCD}.Debug|Any CPU.Build.0 = Debug|Any CPU
		{B6F171B4-5085-4E5A-9E15-D3485A872CCD}.Release|Any CPU.ActiveCfg = Release|Any CPU
		{B6F171B4-5085-4E5A-9E15-D3485A872CCD}.Release|Any CPU.Build.0 = Release|Any CPU
	EndGlobalSection
	GlobalSection(SolutionProperties) = preSolution
		HideSolutionNode = FALSE
	EndGlobalSection
	GlobalSection(ExtensibilityGlobals) = postSolution
		SolutionGuid = {5A7700E9-F666-484E-B8BD-74F6F843BD43}
	EndGlobalSection
EndGlobal
